
Microsoft Visual Studio Solution File, Format Version 12.00
# Visual Studio Version 17
VisualStudioVersion = 17.4.33205.214
MinimumVisualStudioVersion = 10.0.40219.1
Project("{9A19103F-16F7-4668-BE54-9A1E7A4F7556}") = "AliPatch", "AliPatch\AliPatch.csproj", "{F81991D3-FDAB-4381-B1BB-4A4EDA0D45E0}"
EndProject
Global
	GlobalSection(SolutionConfigurationPlatforms) = preSolution
		Debug|Any CPU = Debug|Any CPU
		Release|Any CPU = Release|Any CPU
	EndGlobalSection
	GlobalSection(ProjectConfigurationPlatforms) = postSolution
		{F81991D3-FDAB-4381-B1BB-4A4EDA0D45E0}.Debug|Any CPU.ActiveCfg = Debug|Any CPU
		{F81991D3-FDAB-4381-B1BB-4A4EDA0D45E0}.Debug|Any CPU.Build.0 = Debug|Any CPU
		{F81991D3-FDAB-4381-B1BB-4A4EDA0D45E0}.Release|Any CPU.ActiveCfg = Release|Any CPU
		{F81991D3-FDAB-4381-B1BB-4A4EDA0D45E0}.Release|Any CPU.Build.0 = Release|Any CPU
	EndGlobalSection
	GlobalSection(SolutionProperties) = preSolution
		HideSolutionNode = FALSE
	EndGlobalSection
	GlobalSection(ExtensibilityGlobals) = postSolution
		SolutionGuid = {7DAB3401-0746-4313-979D-F369B143B5DD}
	EndGlobalSection
EndGlobal
